// !$*UTF8*$!
{
	archiveVersion = 1;
	classes = {
	};
	objectVersion = 48;
	objects = {

/* Begin PBXBuildFile section */
		8748607B1FB1D6B900A6FF20 /* LandingViewModel.swift in Sources */ = {isa = PBXBuildFile; fileRef = 8748607A1FB1D6B900A6FF20 /* LandingViewModel.swift */; };
		8748607D1FB1D6F600A6FF20 /* OAuthAccessToken.swift in Sources */ = {isa = PBXBuildFile; fileRef = 8748607C1FB1D6F600A6FF20 /* OAuthAccessToken.swift */; };
		8748607F1FB1E58A00A6FF20 /* TwitterApiRequests.swift in Sources */ = {isa = PBXBuildFile; fileRef = 8748607E1FB1E58A00A6FF20 /* TwitterApiRequests.swift */; };
		874860811FB1E67200A6FF20 /* StringExtensions.swift in Sources */ = {isa = PBXBuildFile; fileRef = 874860801FB1E67200A6FF20 /* StringExtensions.swift */; };
		874860841FB1E93800A6FF20 /* NetworkAlert.swift in Sources */ = {isa = PBXBuildFile; fileRef = 874860831FB1E93800A6FF20 /* NetworkAlert.swift */; };
		879EA3BD1FB1CC4700D89E71 /* AppDelegate.swift in Sources */ = {isa = PBXBuildFile; fileRef = 879EA3BC1FB1CC4700D89E71 /* AppDelegate.swift */; };
		879EA3BF1FB1CC4700D89E71 /* LandingViewController.swift in Sources */ = {isa = PBXBuildFile; fileRef = 879EA3BE1FB1CC4700D89E71 /* LandingViewController.swift */; };
		879EA3C21FB1CC4700D89E71 /* Main.storyboard in Resources */ = {isa = PBXBuildFile; fileRef = 879EA3C01FB1CC4700D89E71 /* Main.storyboard */; };
		879EA3C41FB1CC4700D89E71 /* Assets.xcassets in Resources */ = {isa = PBXBuildFile; fileRef = 879EA3C31FB1CC4700D89E71 /* Assets.xcassets */; };
		879EA3D81FB1D2D800D89E71 /* SwiftyJSON.framework in Frameworks */ = {isa = PBXBuildFile; fileRef = 879EA3D61FB1D2CE00D89E71 /* SwiftyJSON.framework */; };
		879EA3D91FB1D2D800D89E71 /* SwiftyJSON.framework in Embed Frameworks */ = {isa = PBXBuildFile; fileRef = 879EA3D61FB1D2CE00D89E71 /* SwiftyJSON.framework */; settings = {ATTRIBUTES = (CodeSignOnCopy, RemoveHeadersOnCopy, ); }; };
		879EA3DA1FB1D2D800D89E71 /* Alamofire.framework in Frameworks */ = {isa = PBXBuildFile; fileRef = 879EA3D41FB1D2CA00D89E71 /* Alamofire.framework */; };
		879EA3DB1FB1D2D800D89E71 /* Alamofire.framework in Embed Frameworks */ = {isa = PBXBuildFile; fileRef = 879EA3D41FB1D2CA00D89E71 /* Alamofire.framework */; settings = {ATTRIBUTES = (CodeSignOnCopy, RemoveHeadersOnCopy, ); }; };
		879EA3DE1FB1D41300D89E71 /* TwitterApiConstants.swift in Sources */ = {isa = PBXBuildFile; fileRef = 879EA3DD1FB1D41300D89E71 /* TwitterApiConstants.swift */; };
/* End PBXBuildFile section */

/* Begin PBXCopyFilesBuildPhase section */
		879EA3DC1FB1D2D800D89E71 /* Embed Frameworks */ = {
			isa = PBXCopyFilesBuildPhase;
			buildActionMask = 2147483647;
			dstPath = "";
			dstSubfolderSpec = 10;
			files = (
				879EA3D91FB1D2D800D89E71 /* SwiftyJSON.framework in Embed Frameworks */,
				879EA3DB1FB1D2D800D89E71 /* Alamofire.framework in Embed Frameworks */,
			);
			name = "Embed Frameworks";
			runOnlyForDeploymentPostprocessing = 0;
		};
/* End PBXCopyFilesBuildPhase section */

/* Begin PBXFileReference section */
		8748607A1FB1D6B900A6FF20 /* LandingViewModel.swift */ = {isa = PBXFileReference; lastKnownFileType = sourcecode.swift; path = LandingViewModel.swift; sourceTree = "<group>"; };
		8748607C1FB1D6F600A6FF20 /* OAuthAccessToken.swift */ = {isa = PBXFileReference; lastKnownFileType = sourcecode.swift; path = OAuthAccessToken.swift; sourceTree = "<group>"; };
		8748607E1FB1E58A00A6FF20 /* TwitterApiRequests.swift */ = {isa = PBXFileReference; lastKnownFileType = sourcecode.swift; path = TwitterApiRequests.swift; sourceTree = "<group>"; };
		874860801FB1E67200A6FF20 /* StringExtensions.swift */ = {isa = PBXFileReference; lastKnownFileType = sourcecode.swift; path = StringExtensions.swift; sourceTree = "<group>"; };
		874860831FB1E93800A6FF20 /* NetworkAlert.swift */ = {isa = PBXFileReference; lastKnownFileType = sourcecode.swift; path = NetworkAlert.swift; sourceTree = "<group>"; };
		879EA3B91FB1CC4700D89E71 /* TwitterClient.app */ = {isa = PBXFileReference; explicitFileType = wrapper.application; includeInIndex = 0; path = TwitterClient.app; sourceTree = BUILT_PRODUCTS_DIR; };
		879EA3BC1FB1CC4700D89E71 /* AppDelegate.swift */ = {isa = PBXFileReference; lastKnownFileType = sourcecode.swift; path = AppDelegate.swift; sourceTree = "<group>"; };
		879EA3BE1FB1CC4700D89E71 /* LandingViewController.swift */ = {isa = PBXFileReference; lastKnownFileType = sourcecode.swift; path = LandingViewController.swift; sourceTree = "<group>"; };
		879EA3C11FB1CC4700D89E71 /* Base */ = {isa = PBXFileReference; lastKnownFileType = file.storyboard; name = Base; path = Base.lproj/Main.storyboard; sourceTree = "<group>"; };
		879EA3C31FB1CC4700D89E71 /* Assets.xcassets */ = {isa = PBXFileReference; lastKnownFileType = folder.assetcatalog; path = Assets.xcassets; sourceTree = "<group>"; };
		879EA3C81FB1CC4700D89E71 /* Info.plist */ = {isa = PBXFileReference; lastKnownFileType = text.plist.xml; path = Info.plist; sourceTree = "<group>"; };
		879EA3D41FB1D2CA00D89E71 /* Alamofire.framework */ = {isa = PBXFileReference; lastKnownFileType = wrapper.framework; name = Alamofire.framework; path = Carthage/Build/iOS/Alamofire.framework; sourceTree = SOURCE_ROOT; };
		879EA3D61FB1D2CE00D89E71 /* SwiftyJSON.framework */ = {isa = PBXFileReference; lastKnownFileType = wrapper.framework; name = SwiftyJSON.framework; path = Carthage/Build/iOS/SwiftyJSON.framework; sourceTree = SOURCE_ROOT; };
		879EA3DD1FB1D41300D89E71 /* TwitterApiConstants.swift */ = {isa = PBXFileReference; lastKnownFileType = sourcecode.swift; path = TwitterApiConstants.swift; sourceTree = "<group>"; };
/* End PBXFileReference section */

/* Begin PBXFrameworksBuildPhase section */
		879EA3B61FB1CC4700D89E71 /* Frameworks */ = {
			isa = PBXFrameworksBuildPhase;
			buildActionMask = 2147483647;
			files = (
				879EA3D81FB1D2D800D89E71 /* SwiftyJSON.framework in Frameworks */,
				879EA3DA1FB1D2D800D89E71 /* Alamofire.framework in Frameworks */,
			);
			runOnlyForDeploymentPostprocessing = 0;
		};
/* End PBXFrameworksBuildPhase section */

/* Begin PBXGroup section */
		874860781FB1D69C00A6FF20 /* LandingViewController */ = {
			isa = PBXGroup;
			children = (
				879EA3BE1FB1CC4700D89E71 /* LandingViewController.swift */,
			);
			path = LandingViewController;
			sourceTree = "<group>";
		};
		874860791FB1D6A700A6FF20 /* LandingViewModels */ = {
			isa = PBXGroup;
			children = (
				8748607A1FB1D6B900A6FF20 /* LandingViewModel.swift */,
			);
			path = LandingViewModels;
			sourceTree = "<group>";
		};
		874860821FB1E92000A6FF20 /* Alerts */ = {
			isa = PBXGroup;
			children = (
				874860831FB1E93800A6FF20 /* NetworkAlert.swift */,
			);
			path = Alerts;
			sourceTree = "<group>";
		};
		879EA3B01FB1CC4700D89E71 = {
			isa = PBXGroup;
			children = (
				879EA3D31FB1D2BB00D89E71 /* Frameworks */,
				879EA3BA1FB1CC4700D89E71 /* Products */,
				879EA3BB1FB1CC4700D89E71 /* TwitterClient */,
			);
			sourceTree = "<group>";
		};
		879EA3BA1FB1CC4700D89E71 /* Products */ = {
			isa = PBXGroup;
			children = (
				879EA3B91FB1CC4700D89E71 /* TwitterClient.app */,
			);
			name = Products;
			sourceTree = "<group>";
		};
		879EA3BB1FB1CC4700D89E71 /* TwitterClient */ = {
			isa = PBXGroup;
			children = (
				879EA3BC1FB1CC4700D89E71 /* AppDelegate.swift */,
				879EA3CE1FB1CD9C00D89E71 /* Controllers */,
				879EA3D11FB1CDC000D89E71 /* Models */,
				879EA3D01FB1CDB500D89E71 /* SupportingFiles */,
				879EA3D21FB1CDC600D89E71 /* TwitterAPI */,
				879EA3CF1FB1CDA800D89E71 /* Views */,
			);
			path = TwitterClient;
			sourceTree = "<group>";
		};
		879EA3CE1FB1CD9C00D89E71 /* Controllers */ = {
			isa = PBXGroup;
			children = (
				874860821FB1E92000A6FF20 /* Alerts */,
				874860781FB1D69C00A6FF20 /* LandingViewController */,
			);
			path = Controllers;
			sourceTree = "<group>";
		};
		879EA3CF1FB1CDA800D89E71 /* Views */ = {
			isa = PBXGroup;
			children = (
				879EA3C01FB1CC4700D89E71 /* Main.storyboard */,
			);
			path = Views;
			sourceTree = "<group>";
		};
		879EA3D01FB1CDB500D89E71 /* SupportingFiles */ = {
			isa = PBXGroup;
			children = (
				879EA3C31FB1CC4700D89E71 /* Assets.xcassets */,
				879EA3C81FB1CC4700D89E71 /* Info.plist */,
				874860801FB1E67200A6FF20 /* StringExtensions.swift */,
			);
			path = SupportingFiles;
			sourceTree = "<group>";
		};
		879EA3D11FB1CDC000D89E71 /* Models */ = {
			isa = PBXGroup;
			children = (
				874860791FB1D6A700A6FF20 /* LandingViewModels */,
			);
			path = Models;
			sourceTree = "<group>";
		};
		879EA3D21FB1CDC600D89E71 /* TwitterAPI */ = {
			isa = PBXGroup;
			children = (
				879EA3DD1FB1D41300D89E71 /* TwitterApiConstants.swift */,
				8748607C1FB1D6F600A6FF20 /* OAuthAccessToken.swift */,
				8748607E1FB1E58A00A6FF20 /* TwitterApiRequests.swift */,
			);
			path = TwitterAPI;
			sourceTree = "<group>";
		};
		879EA3D31FB1D2BB00D89E71 /* Frameworks */ = {
			isa = PBXGroup;
			children = (
				879EA3D61FB1D2CE00D89E71 /* SwiftyJSON.framework */,
				879EA3D41FB1D2CA00D89E71 /* Alamofire.framework */,
			);
			path = Frameworks;
			sourceTree = "<group>";
		};
/* End PBXGroup section */

/* Begin PBXNativeTarget section */
		879EA3B81FB1CC4700D89E71 /* TwitterClient */ = {
			isa = PBXNativeTarget;
			buildConfigurationList = 879EA3CB1FB1CC4700D89E71 /* Build configuration list for PBXNativeTarget "TwitterClient" */;
			buildPhases = (
				879EA3B51FB1CC4700D89E71 /* Sources */,
				879EA3B61FB1CC4700D89E71 /* Frameworks */,
				879EA3B71FB1CC4700D89E71 /* Resources */,
				879EA3DC1FB1D2D800D89E71 /* Embed Frameworks */,
			);
			buildRules = (
			);
			dependencies = (
			);
			name = TwitterClient;
			productName = TwitterClient;
			productReference = 879EA3B91FB1CC4700D89E71 /* TwitterClient.app */;
			productType = "com.apple.product-type.application";
		};
/* End PBXNativeTarget section */

/* Begin PBXProject section */
		879EA3B11FB1CC4700D89E71 /* Project object */ = {
			isa = PBXProject;
			attributes = {
				LastSwiftUpdateCheck = 0900;
				LastUpgradeCheck = 0900;
				ORGANIZATIONNAME = maxence_ho;
				TargetAttributes = {
					879EA3B81FB1CC4700D89E71 = {
						CreatedOnToolsVersion = 9.0.1;
						ProvisioningStyle = Automatic;
					};
				};
			};
			buildConfigurationList = 879EA3B41FB1CC4700D89E71 /* Build configuration list for PBXProject "TwitterClient" */;
			compatibilityVersion = "Xcode 8.0";
			developmentRegion = en;
			hasScannedForEncodings = 0;
			knownRegions = (
				en,
				Base,
			);
			mainGroup = 879EA3B01FB1CC4700D89E71;
			productRefGroup = 879EA3BA1FB1CC4700D89E71 /* Products */;
			projectDirPath = "";
			projectRoot = "";
			targets = (
				879EA3B81FB1CC4700D89E71 /* TwitterClient */,
			);
		};
/* End PBXProject section */

/* Begin PBXResourcesBuildPhase section */
		879EA3B71FB1CC4700D89E71 /* Resources */ = {
			isa = PBXResourcesBuildPhase;
			buildActionMask = 2147483647;
			files = (
				879EA3C41FB1CC4700D89E71 /* Assets.xcassets in Resources */,
				879EA3C21FB1CC4700D89E71 /* Main.storyboard in Resources */,
			);
			runOnlyForDeploymentPostprocessing = 0;
		};
/* End PBXResourcesBuildPhase section */

/* Begin PBXSourcesBuildPhase section */
		879EA3B51FB1CC4700D89E71 /* Sources */ = {
			isa = PBXSourcesBuildPhase;
			buildActionMask = 2147483647;
			files = (
				879EA3BF1FB1CC4700D89E71 /* LandingViewController.swift in Sources */,
				879EA3DE1FB1D41300D89E71 /* TwitterApiConstants.swift in Sources */,
				8748607F1FB1E58A00A6FF20 /* TwitterApiRequests.swift in Sources */,
				874860811FB1E67200A6FF20 /* StringExtensions.swift in Sources */,
				8748607D1FB1D6F600A6FF20 /* OAuthAccessToken.swift in Sources */,
				8748607B1FB1D6B900A6FF20 /* LandingViewModel.swift in Sources */,
				879EA3BD1FB1CC4700D89E71 /* AppDelegate.swift in Sources */,
				874860841FB1E93800A6FF20 /* NetworkAlert.swift in Sources */,
			);
			runOnlyForDeploymentPostprocessing = 0;
		};
/* End PBXSourcesBuildPhase section */

/* Begin PBXVariantGroup section */
		879EA3C01FB1CC4700D89E71 /* Main.storyboard */ = {
			isa = PBXVariantGroup;
			children = (
				879EA3C11FB1CC4700D89E71 /* Base */,
			);
			name = Main.storyboard;
			sourceTree = "<group>";
		};
/* End PBXVariantGroup section */

/* Begin XCBuildConfiguration section */
		879EA3C91FB1CC4700D89E71 /* Debug */ = {
			isa = XCBuildConfiguration;
			buildSettings = {
				ALWAYS_SEARCH_USER_PATHS = NO;
				CLANG_ANALYZER_NONNULL = YES;
				CLANG_ANALYZER_NUMBER_OBJECT_CONVERSION = YES_AGGRESSIVE;
				CLANG_CXX_LANGUAGE_STANDARD = "gnu++14";
				CLANG_CXX_LIBRARY = "libc++";
				CLANG_ENABLE_MODULES = YES;
				CLANG_ENABLE_OBJC_ARC = YES;
				CLANG_WARN_BLOCK_CAPTURE_AUTORELEASING = YES;
				CLANG_WARN_BOOL_CONVERSION = YES;
				CLANG_WARN_COMMA = YES;
				CLANG_WARN_CONSTANT_CONVERSION = YES;
				CLANG_WARN_DIRECT_OBJC_ISA_USAGE = YES_ERROR;
				CLANG_WARN_DOCUMENTATION_COMMENTS = YES;
				CLANG_WARN_EMPTY_BODY = YES;
				CLANG_WARN_ENUM_CONVERSION = YES;
				CLANG_WARN_INFINITE_RECURSION = YES;
				CLANG_WARN_INT_CONVERSION = YES;
				CLANG_WARN_NON_LITERAL_NULL_CONVERSION = YES;
				CLANG_WARN_OBJC_LITERAL_CONVERSION = YES;
				CLANG_WARN_OBJC_ROOT_CLASS = YES_ERROR;
				CLANG_WARN_RANGE_LOOP_ANALYSIS = YES;
				CLANG_WARN_STRICT_PROTOTYPES = YES;
				CLANG_WARN_SUSPICIOUS_MOVE = YES;
				CLANG_WARN_UNGUARDED_AVAILABILITY = YES_AGGRESSIVE;
				CLANG_WARN_UNREACHABLE_CODE = YES;
				CLANG_WARN__DUPLICATE_METHOD_MATCH = YES;
				CODE_SIGN_IDENTITY = "iPhone Developer";
				COPY_PHASE_STRIP = NO;
				DEBUG_INFORMATION_FORMAT = dwarf;
				ENABLE_STRICT_OBJC_MSGSEND = YES;
				ENABLE_TESTABILITY = YES;
				GCC_C_LANGUAGE_STANDARD = gnu11;
				GCC_DYNAMIC_NO_PIC = NO;
				GCC_NO_COMMON_BLOCKS = YES;
				GCC_OPTIMIZATION_LEVEL = 0;
				GCC_PREPROCESSOR_DEFINITIONS = (
					"DEBUG=1",
					"$(inherited)",
				);
				GCC_WARN_64_TO_32_BIT_CONVERSION = YES;
				GCC_WARN_ABOUT_RETURN_TYPE = YES_ERROR;
				GCC_WARN_UNDECLARED_SELECTOR = YES;
				GCC_WARN_UNINITIALIZED_AUTOS = YES_AGGRESSIVE;
				GCC_WARN_UNUSED_FUNCTION = YES;
				GCC_WARN_UNUSED_VARIABLE = YES;
				IPHONEOS_DEPLOYMENT_TARGET = 11.0;
				MTL_ENABLE_DEBUG_INFO = YES;
				ONLY_ACTIVE_ARCH = YES;
				SDKROOT = iphoneos;
				SWIFT_ACTIVE_COMPILATION_CONDITIONS = DEBUG;
				SWIFT_OPTIMIZATION_LEVEL = "-Onone";
			};
			name = Debug;
		};
		879EA3CA1FB1CC4700D89E71 /* Release */ = {
			isa = XCBuildConfiguration;
			buildSettings = {
				ALWAYS_SEARCH_USER_PATHS = NO;
				CLANG_ANALYZER_NONNULL = YES;
				CLANG_ANALYZER_NUMBER_OBJECT_CONVERSION = YES_AGGRESSIVE;
				CLANG_CXX_LANGUAGE_STANDARD = "gnu++14";
				CLANG_CXX_LIBRARY = "libc++";
				CLANG_ENABLE_MODULES = YES;
				CLANG_ENABLE_OBJC_ARC = YES;
				CLANG_WARN_BLOCK_CAPTURE_AUTORELEASING = YES;
				CLANG_WARN_BOOL_CONVERSION = YES;
				CLANG_WARN_COMMA = YES;
				CLANG_WARN_CONSTANT_CONVERSION = YES;
				CLANG_WARN_DIRECT_OBJC_ISA_USAGE = YES_ERROR;
				CLANG_WARN_DOCUMENTATION_COMMENTS = YES;
				CLANG_WARN_EMPTY_BODY = YES;
				CLANG_WARN_ENUM_CONVERSION = YES;
				CLANG_WARN_INFINITE_RECURSION = YES;
				CLANG_WARN_INT_CONVERSION = YES;
				CLANG_WARN_NON_LITERAL_NULL_CONVERSION = YES;
				CLANG_WARN_OBJC_LITERAL_CONVERSION = YES;
				CLANG_WARN_OBJC_ROOT_CLASS = YES_ERROR;
				CLANG_WARN_RANGE_LOOP_ANALYSIS = YES;
				CLANG_WARN_STRICT_PROTOTYPES = YES;
				CLANG_WARN_SUSPICIOUS_MOVE = YES;
				CLANG_WARN_UNGUARDED_AVAILABILITY = YES_AGGRESSIVE;
				CLANG_WARN_UNREACHABLE_CODE = YES;
				CLANG_WARN__DUPLICATE_METHOD_MATCH = YES;
				CODE_SIGN_IDENTITY = "iPhone Developer";
				COPY_PHASE_STRIP = NO;
				DEBUG_INFORMATION_FORMAT = "dwarf-with-dsym";
				ENABLE_NS_ASSERTIONS = NO;
				ENABLE_STRICT_OBJC_MSGSEND = YES;
				GCC_C_LANGUAGE_STANDARD = gnu11;
				GCC_NO_COMMON_BLOCKS = YES;
				GCC_WARN_64_TO_32_BIT_CONVERSION = YES;
				GCC_WARN_ABOUT_RETURN_TYPE = YES_ERROR;
				GCC_WARN_UNDECLARED_SELECTOR = YES;
				GCC_WARN_UNINITIALIZED_AUTOS = YES_AGGRESSIVE;
				GCC_WARN_UNUSED_FUNCTION = YES;
				GCC_WARN_UNUSED_VARIABLE = YES;
				IPHONEOS_DEPLOYMENT_TARGET = 11.0;
				MTL_ENABLE_DEBUG_INFO = NO;
				SDKROOT = iphoneos;
				SWIFT_OPTIMIZATION_LEVEL = "-Owholemodule";
				VALIDATE_PRODUCT = YES;
			};
			name = Release;
		};
		879EA3CC1FB1CC4700D89E71 /* Debug */ = {
			isa = XCBuildConfiguration;
			buildSettings = {
				ASSETCATALOG_COMPILER_APPICON_NAME = AppIcon;
				CODE_SIGN_STYLE = Automatic;
				DEVELOPMENT_TEAM = 37L53VP24Y;
				FRAMEWORK_SEARCH_PATHS = (
					"$(inherited)",
					"$(PROJECT_DIR)/Carthage/Build/iOS",
				);
				INFOPLIST_FILE = TwitterClient/SupportingFiles/Info.plist;
				LD_RUNPATH_SEARCH_PATHS = "$(inherited) @executable_path/Frameworks";
				PRODUCT_BUNDLE_IDENTIFIER = "com.maxence-ho.TwitterClient";
				PRODUCT_NAME = "$(TARGET_NAME)";
				SWIFT_VERSION = 4.0;
				TARGETED_DEVICE_FAMILY = "1,2";
			};
			name = Debug;
		};
		879EA3CD1FB1CC4700D89E71 /* Release */ = {
			isa = XCBuildConfiguration;
			buildSettings = {
				ASSETCATALOG_COMPILER_APPICON_NAME = AppIcon;
				CODE_SIGN_STYLE = Automatic;
				DEVELOPMENT_TEAM = 37L53VP24Y;
				FRAMEWORK_SEARCH_PATHS = (
					"$(inherited)",
					"$(PROJECT_DIR)/Carthage/Build/iOS",
				);
				INFOPLIST_FILE = TwitterClient/SupportingFiles/Info.plist;
				LD_RUNPATH_SEARCH_PATHS = "$(inherited) @executable_path/Frameworks";
				PRODUCT_BUNDLE_IDENTIFIER = "com.maxence-ho.TwitterClient";
				PRODUCT_NAME = "$(TARGET_NAME)";
				SWIFT_VERSION = 4.0;
				TARGETED_DEVICE_FAMILY = "1,2";
			};
			name = Release;
		};
/* End XCBuildConfiguration section */

/* Begin XCConfigurationList section */
		879EA3B41FB1CC4700D89E71 /* Build configuration list for PBXProject "TwitterClient" */ = {
			isa = XCConfigurationList;
			buildConfigurations = (
				879EA3C91FB1CC4700D89E71 /* Debug */,
				879EA3CA1FB1CC4700D89E71 /* Release */,
			);
			defaultConfigurationIsVisible = 0;
			defaultConfigurationName = Release;
		};
		879EA3CB1FB1CC4700D89E71 /* Build configuration list for PBXNativeTarget "TwitterClient" */ = {
			isa = XCConfigurationList;
			buildConfigurations = (
				879EA3CC1FB1CC4700D89E71 /* Debug */,
				879EA3CD1FB1CC4700D89E71 /* Release */,
			);
			defaultConfigurationIsVisible = 0;
			defaultConfigurationName = Release;
		};
/* End XCConfigurationList section */
	};
	rootObject = 879EA3B11FB1CC4700D89E71 /* Project object */;
}
